// !$*UTF8*$!
{
	archiveVersion = 1;
	classes = {
	};
	objectVersion = 46;
	objects = {

/* Begin PBXBuildFile section */
		930D99261E47F26E00F1A08F /* LabelView.swift in Sources */ = {isa = PBXBuildFile; fileRef = 930D99251E47F26E00F1A08F /* LabelView.swift */; };
		93158DBD1E44E59200BFFF4D /* AppDelegate.swift in Sources */ = {isa = PBXBuildFile; fileRef = 93158DBC1E44E59200BFFF4D /* AppDelegate.swift */; };
		93158DBF1E44E59200BFFF4D /* ScoreViewController.swift in Sources */ = {isa = PBXBuildFile; fileRef = 93158DBE1E44E59200BFFF4D /* ScoreViewController.swift */; };
		93158DC11E44E59200BFFF4D /* SettingsViewController.swift in Sources */ = {isa = PBXBuildFile; fileRef = 93158DC01E44E59200BFFF4D /* SettingsViewController.swift */; };
		93158DC41E44E59200BFFF4D /* Main.storyboard in Resources */ = {isa = PBXBuildFile; fileRef = 93158DC21E44E59200BFFF4D /* Main.storyboard */; };
		93158DC61E44E59200BFFF4D /* Assets.xcassets in Resources */ = {isa = PBXBuildFile; fileRef = 93158DC51E44E59200BFFF4D /* Assets.xcassets */; };
		93158DC91E44E59200BFFF4D /* LaunchScreen.storyboard in Resources */ = {isa = PBXBuildFile; fileRef = 93158DC71E44E59200BFFF4D /* LaunchScreen.storyboard */; };
		93158DD11E44EAEB00BFFF4D /* TeamScoreViewController.swift in Sources */ = {isa = PBXBuildFile; fileRef = 93158DD01E44EAEB00BFFF4D /* TeamScoreViewController.swift */; };
		93158DD31E44EDA700BFFF4D /* Cricket-48.png in Resources */ = {isa = PBXBuildFile; fileRef = 93158DD21E44EDA700BFFF4D /* Cricket-48.png */; };
		93158DD51E44EE0300BFFF4D /* Settings 3-25.png in Resources */ = {isa = PBXBuildFile; fileRef = 93158DD41E44EE0300BFFF4D /* Settings 3-25.png */; };
		93158DD71E44EE7F00BFFF4D /* Dossier-25.png in Resources */ = {isa = PBXBuildFile; fileRef = 93158DD61E44EE7F00BFFF4D /* Dossier-25.png */; };
		93158DD91E44EF7500BFFF4D /* CricketBall.jpg in Resources */ = {isa = PBXBuildFile; fileRef = 93158DD81E44EF7500BFFF4D /* CricketBall.jpg */; };
		93158DDC1E44F17100BFFF4D /* CoreGraphics.framework in Frameworks */ = {isa = PBXBuildFile; fileRef = 93158DDB1E44F17100BFFF4D /* CoreGraphics.framework */; };
		93158DE01E4523D500BFFF4D /* CricketGame.swift in Sources */ = {isa = PBXBuildFile; fileRef = 93158DDF1E4523D500BFFF4D /* CricketGame.swift */; };
/* End PBXBuildFile section */

/* Begin PBXFileReference section */
		930D99251E47F26E00F1A08F /* LabelView.swift */ = {isa = PBXFileReference; fileEncoding = 4; lastKnownFileType = sourcecode.swift; path = LabelView.swift; sourceTree = "<group>"; };
		93158DB91E44E59200BFFF4D /* BookCricket.app */ = {isa = PBXFileReference; explicitFileType = wrapper.application; includeInIndex = 0; path = BookCricket.app; sourceTree = BUILT_PRODUCTS_DIR; };
		93158DBC1E44E59200BFFF4D /* AppDelegate.swift */ = {isa = PBXFileReference; lastKnownFileType = sourcecode.swift; path = AppDelegate.swift; sourceTree = "<group>"; };
		93158DBE1E44E59200BFFF4D /* ScoreViewController.swift */ = {isa = PBXFileReference; lastKnownFileType = sourcecode.swift; path = ScoreViewController.swift; sourceTree = "<group>"; };
		93158DC01E44E59200BFFF4D /* SettingsViewController.swift */ = {isa = PBXFileReference; lastKnownFileType = sourcecode.swift; path = SettingsViewController.swift; sourceTree = "<group>"; };
		93158DC31E44E59200BFFF4D /* Base */ = {isa = PBXFileReference; lastKnownFileType = file.storyboard; name = Base; path = Base.lproj/Main.storyboard; sourceTree = "<group>"; };
		93158DC51E44E59200BFFF4D /* Assets.xcassets */ = {isa = PBXFileReference; lastKnownFileType = folder.assetcatalog; path = Assets.xcassets; sourceTree = "<group>"; };
		93158DC81E44E59200BFFF4D /* Base */ = {isa = PBXFileReference; lastKnownFileType = file.storyboard; name = Base; path = Base.lproj/LaunchScreen.storyboard; sourceTree = "<group>"; };
		93158DCA1E44E59200BFFF4D /* Info.plist */ = {isa = PBXFileReference; lastKnownFileType = text.plist.xml; path = Info.plist; sourceTree = "<group>"; };
		93158DD01E44EAEB00BFFF4D /* TeamScoreViewController.swift */ = {isa = PBXFileReference; fileEncoding = 4; lastKnownFileType = sourcecode.swift; path = TeamScoreViewController.swift; sourceTree = "<group>"; };
		93158DD21E44EDA700BFFF4D /* Cricket-48.png */ = {isa = PBXFileReference; lastKnownFileType = image.png; path = "Cricket-48.png"; sourceTree = "<group>"; };
		93158DD41E44EE0300BFFF4D /* Settings 3-25.png */ = {isa = PBXFileReference; lastKnownFileType = image.png; path = "Settings 3-25.png"; sourceTree = "<group>"; };
		93158DD61E44EE7F00BFFF4D /* Dossier-25.png */ = {isa = PBXFileReference; lastKnownFileType = image.png; path = "Dossier-25.png"; sourceTree = "<group>"; };
		93158DD81E44EF7500BFFF4D /* CricketBall.jpg */ = {isa = PBXFileReference; lastKnownFileType = image.jpeg; path = CricketBall.jpg; sourceTree = "<group>"; };
		93158DDB1E44F17100BFFF4D /* CoreGraphics.framework */ = {isa = PBXFileReference; lastKnownFileType = wrapper.framework; name = CoreGraphics.framework; path = System/Library/Frameworks/CoreGraphics.framework; sourceTree = SDKROOT; };
		93158DDF1E4523D500BFFF4D /* CricketGame.swift */ = {isa = PBXFileReference; fileEncoding = 4; lastKnownFileType = sourcecode.swift; path = CricketGame.swift; sourceTree = "<group>"; };
/* End PBXFileReference section */

/* Begin PBXFrameworksBuildPhase section */
		93158DB61E44E59200BFFF4D /* Frameworks */ = {
			isa = PBXFrameworksBuildPhase;
			buildActionMask = 2147483647;
			files = (
				93158DDC1E44F17100BFFF4D /* CoreGraphics.framework in Frameworks */,
			);
			runOnlyForDeploymentPostprocessing = 0;
		};
/* End PBXFrameworksBuildPhase section */

/* Begin PBXGroup section */
		93158DB01E44E59200BFFF4D = {
			isa = PBXGroup;
			children = (
				93158DBB1E44E59200BFFF4D /* BookCricket */,
				93158DBA1E44E59200BFFF4D /* Products */,
				93158DDA1E44F17100BFFF4D /* Frameworks */,
			);
			sourceTree = "<group>";
		};
		93158DBA1E44E59200BFFF4D /* Products */ = {
			isa = PBXGroup;
			children = (
				93158DB91E44E59200BFFF4D /* BookCricket.app */,
			);
			name = Products;
			sourceTree = "<group>";
		};
		93158DBB1E44E59200BFFF4D /* BookCricket */ = {
			isa = PBXGroup;
			children = (
				93158DBC1E44E59200BFFF4D /* AppDelegate.swift */,
				93158DBE1E44E59200BFFF4D /* ScoreViewController.swift */,
				93158DC01E44E59200BFFF4D /* SettingsViewController.swift */,
				93158DC21E44E59200BFFF4D /* Main.storyboard */,
				93158DC51E44E59200BFFF4D /* Assets.xcassets */,
				93158DD81E44EF7500BFFF4D /* CricketBall.jpg */,
				93158DD61E44EE7F00BFFF4D /* Dossier-25.png */,
				93158DD21E44EDA700BFFF4D /* Cricket-48.png */,
				93158DD41E44EE0300BFFF4D /* Settings 3-25.png */,
				93158DC71E44E59200BFFF4D /* LaunchScreen.storyboard */,
				93158DCA1E44E59200BFFF4D /* Info.plist */,
				93158DD01E44EAEB00BFFF4D /* TeamScoreViewController.swift */,
				93158DDF1E4523D500BFFF4D /* CricketGame.swift */,
				930D99251E47F26E00F1A08F /* LabelView.swift */,
			);
			path = BookCricket;
			sourceTree = "<group>";
		};
		93158DDA1E44F17100BFFF4D /* Frameworks */ = {
			isa = PBXGroup;
			children = (
				93158DDB1E44F17100BFFF4D /* CoreGraphics.framework */,
			);
			name = Frameworks;
			sourceTree = "<group>";
		};
/* End PBXGroup section */

/* Begin PBXNativeTarget section */
		93158DB81E44E59200BFFF4D /* BookCricket */ = {
			isa = PBXNativeTarget;
			buildConfigurationList = 93158DCD1E44E59200BFFF4D /* Build configuration list for PBXNativeTarget "BookCricket" */;
			buildPhases = (
				93158DB51E44E59200BFFF4D /* Sources */,
				93158DB61E44E59200BFFF4D /* Frameworks */,
				93158DB71E44E59200BFFF4D /* Resources */,
			);
			buildRules = (
			);
			dependencies = (
			);
			name = BookCricket;
			productName = BookCricket;
			productReference = 93158DB91E44E59200BFFF4D /* BookCricket.app */;
			productType = "com.apple.product-type.application";
		};
/* End PBXNativeTarget section */

/* Begin PBXProject section */
		93158DB11E44E59200BFFF4D /* Project object */ = {
			isa = PBXProject;
			attributes = {
				LastSwiftUpdateCheck = 0820;
				LastUpgradeCheck = 0820;
				ORGANIZATIONNAME = "Saiteja Alle";
				TargetAttributes = {
					93158DB81E44E59200BFFF4D = {
						CreatedOnToolsVersion = 8.2.1;
						DevelopmentTeam = NNMZKMNSPS;
						ProvisioningStyle = Automatic;
					};
				};
			};
			buildConfigurationList = 93158DB41E44E59200BFFF4D /* Build configuration list for PBXProject "BookCricket" */;
			compatibilityVersion = "Xcode 3.2";
			developmentRegion = English;
			hasScannedForEncodings = 0;
			knownRegions = (
				en,
				Base,
			);
			mainGroup = 93158DB01E44E59200BFFF4D;
			productRefGroup = 93158DBA1E44E59200BFFF4D /* Products */;
			projectDirPath = "";
			projectRoot = "";
			targets = (
				93158DB81E44E59200BFFF4D /* BookCricket */,
			);
		};
/* End PBXProject section */

/* Begin PBXResourcesBuildPhase section */
		93158DB71E44E59200BFFF4D /* Resources */ = {
			isa = PBXResourcesBuildPhase;
			buildActionMask = 2147483647;
			files = (
				93158DD71E44EE7F00BFFF4D /* Dossier-25.png in Resources */,
				93158DD51E44EE0300BFFF4D /* Settings 3-25.png in Resources */,
				93158DC91E44E59200BFFF4D /* LaunchScreen.storyboard in Resources */,
				93158DC61E44E59200BFFF4D /* Assets.xcassets in Resources */,
				93158DC41E44E59200BFFF4D /* Main.storyboard in Resources */,
				93158DD91E44EF7500BFFF4D /* CricketBall.jpg in Resources */,
				93158DD31E44EDA700BFFF4D /* Cricket-48.png in Resources */,
			);
			runOnlyForDeploymentPostprocessing = 0;
		};
/* End PBXResourcesBuildPhase section */

/* Begin PBXSourcesBuildPhase section */
		93158DB51E44E59200BFFF4D /* Sources */ = {
			isa = PBXSourcesBuildPhase;
			buildActionMask = 2147483647;
			files = (
				93158DC11E44E59200BFFF4D /* SettingsViewController.swift in Sources */,
				93158DE01E4523D500BFFF4D /* CricketGame.swift in Sources */,
				93158DBD1E44E59200BFFF4D /* AppDelegate.swift in Sources */,
				93158DD11E44EAEB00BFFF4D /* TeamScoreViewController.swift in Sources */,
				93158DBF1E44E59200BFFF4D /* ScoreViewController.swift in Sources */,
				930D99261E47F26E00F1A08F /* LabelView.swift in Sources */,
			);
			runOnlyForDeploymentPostprocessing = 0;
		};
/* End PBXSourcesBuildPhase section */

/* Begin PBXVariantGroup section */
		93158DC21E44E59200BFFF4D /* Main.storyboard */ = {
			isa = PBXVariantGroup;
			children = (
				93158DC31E44E59200BFFF4D /* Base */,
			);
			name = Main.storyboard;
			sourceTree = "<group>";
		};
		93158DC71E44E59200BFFF4D /* LaunchScreen.storyboard */ = {
			isa = PBXVariantGroup;
			children = (
				93158DC81E44E59200BFFF4D /* Base */,
			);
			name = LaunchScreen.storyboard;
			sourceTree = "<group>";
		};
/* End PBXVariantGroup section */

/* Begin XCBuildConfiguration section */
		93158DCB1E44E59200BFFF4D /* Debug */ = {
			isa = XCBuildConfiguration;
			buildSettings = {
				ALWAYS_SEARCH_USER_PATHS = NO;
				CLANG_ANALYZER_NONNULL = YES;
				CLANG_CXX_LANGUAGE_STANDARD = "gnu++0x";
				CLANG_CXX_LIBRARY = "libc++";
				CLANG_ENABLE_MODULES = YES;
				CLANG_ENABLE_OBJC_ARC = YES;
				CLANG_WARN_BOOL_CONVERSION = YES;
				CLANG_WARN_CONSTANT_CONVERSION = YES;
				CLANG_WARN_DIRECT_OBJC_ISA_USAGE = YES_ERROR;
				CLANG_WARN_DOCUMENTATION_COMMENTS = YES;
				CLANG_WARN_EMPTY_BODY = YES;
				CLANG_WARN_ENUM_CONVERSION = YES;
				CLANG_WARN_INFINITE_RECURSION = YES;
				CLANG_WARN_INT_CONVERSION = YES;
				CLANG_WARN_OBJC_ROOT_CLASS = YES_ERROR;
				CLANG_WARN_SUSPICIOUS_MOVE = YES;
				CLANG_WARN_UNREACHABLE_CODE = YES;
				CLANG_WARN__DUPLICATE_METHOD_MATCH = YES;
				"CODE_SIGN_IDENTITY[sdk=iphoneos*]" = "iPhone Developer";
				COPY_PHASE_STRIP = NO;
				DEBUG_INFORMATION_FORMAT = dwarf;
				ENABLE_STRICT_OBJC_MSGSEND = YES;
				ENABLE_TESTABILITY = YES;
				GCC_C_LANGUAGE_STANDARD = gnu99;
				GCC_DYNAMIC_NO_PIC = NO;
				GCC_NO_COMMON_BLOCKS = YES;
				GCC_OPTIMIZATION_LEVEL = 0;
				GCC_PREPROCESSOR_DEFINITIONS = (
					"DEBUG=1",
					"$(inherited)",
				);
				GCC_WARN_64_TO_32_BIT_CONVERSION = YES;
				GCC_WARN_ABOUT_RETURN_TYPE = YES_ERROR;
				GCC_WARN_UNDECLARED_SELECTOR = YES;
				GCC_WARN_UNINITIALIZED_AUTOS = YES_AGGRESSIVE;
				GCC_WARN_UNUSED_FUNCTION = YES;
				GCC_WARN_UNUSED_VARIABLE = YES;
				IPHONEOS_DEPLOYMENT_TARGET = 10.2;
				MTL_ENABLE_DEBUG_INFO = YES;
				ONLY_ACTIVE_ARCH = YES;
				SDKROOT = iphoneos;
				SWIFT_ACTIVE_COMPILATION_CONDITIONS = DEBUG;
				SWIFT_OPTIMIZATION_LEVEL = "-Onone";
				TARGETED_DEVICE_FAMILY = "1,2";
			};
			name = Debug;
		};
		93158DCC1E44E59200BFFF4D /* Release */ = {
			isa = XCBuildConfiguration;
			buildSettings = {
				ALWAYS_SEARCH_USER_PATHS = NO;
				CLANG_ANALYZER_NONNULL = YES;
				CLANG_CXX_LANGUAGE_STANDARD = "gnu++0x";
				CLANG_CXX_LIBRARY = "libc++";
				CLANG_ENABLE_MODULES = YES;
				CLANG_ENABLE_OBJC_ARC = YES;
				CLANG_WARN_BOOL_CONVERSION = YES;
				CLANG_WARN_CONSTANT_CONVERSION = YES;
				CLANG_WARN_DIRECT_OBJC_ISA_USAGE = YES_ERROR;
				CLANG_WARN_DOCUMENTATION_COMMENTS = YES;
				CLANG_WARN_EMPTY_BODY = YES;
				CLANG_WARN_ENUM_CONVERSION = YES;
				CLANG_WARN_INFINITE_RECURSION = YES;
				CLANG_WARN_INT_CONVERSION = YES;
				CLANG_WARN_OBJC_ROOT_CLASS = YES_ERROR;
				CLANG_WARN_SUSPICIOUS_MOVE = YES;
				CLANG_WARN_UNREACHABLE_CODE = YES;
				CLANG_WARN__DUPLICATE_METHOD_MATCH = YES;
				"CODE_SIGN_IDENTITY[sdk=iphoneos*]" = "iPhone Developer";
				COPY_PHASE_STRIP = NO;
				DEBUG_INFORMATION_FORMAT = "dwarf-with-dsym";
				ENABLE_NS_ASSERTIONS = NO;
				ENABLE_STRICT_OBJC_MSGSEND = YES;
				GCC_C_LANGUAGE_STANDARD = gnu99;
				GCC_NO_COMMON_BLOCKS = YES;
				GCC_WARN_64_TO_32_BIT_CONVERSION = YES;
				GCC_WARN_ABOUT_RETURN_TYPE = YES_ERROR;
				GCC_WARN_UNDECLARED_SELECTOR = YES;
				GCC_WARN_UNINITIALIZED_AUTOS = YES_AGGRESSIVE;
				GCC_WARN_UNUSED_FUNCTION = YES;
				GCC_WARN_UNUSED_VARIABLE = YES;
				IPHONEOS_DEPLOYMENT_TARGET = 10.2;
				MTL_ENABLE_DEBUG_INFO = NO;
				SDKROOT = iphoneos;
				SWIFT_OPTIMIZATION_LEVEL = "-Owholemodule";
				TARGETED_DEVICE_FAMILY = "1,2";
				VALIDATE_PRODUCT = YES;
			};
			name = Release;
		};
		93158DCE1E44E59200BFFF4D /* Debug */ = {
			isa = XCBuildConfiguration;
			buildSettings = {
				ASSETCATALOG_COMPILER_APPICON_NAME = AppIcon;
				DEVELOPMENT_TEAM = NNMZKMNSPS;
				INFOPLIST_FILE = BookCricket/Info.plist;
				LD_RUNPATH_SEARCH_PATHS = "$(inherited) @executable_path/Frameworks";
				PRODUCT_BUNDLE_IDENTIFIER = dreamer.BookCricket;
				PRODUCT_NAME = "$(TARGET_NAME)";
				SWIFT_VERSION = 3.0;
			};
			name = Debug;
		};
		93158DCF1E44E59200BFFF4D /* Release */ = {
			isa = XCBuildConfiguration;
			buildSettings = {
				ASSETCATALOG_COMPILER_APPICON_NAME = AppIcon;
				DEVELOPMENT_TEAM = NNMZKMNSPS;
				INFOPLIST_FILE = BookCricket/Info.plist;
				LD_RUNPATH_SEARCH_PATHS = "$(inherited) @executable_path/Frameworks";
				PRODUCT_BUNDLE_IDENTIFIER = dreamer.BookCricket;
				PRODUCT_NAME = "$(TARGET_NAME)";
				SWIFT_VERSION = 3.0;
			};
			name = Release;
		};
/* End XCBuildConfiguration section */

/* Begin XCConfigurationList section */
		93158DB41E44E59200BFFF4D /* Build configuration list for PBXProject "BookCricket" */ = {
			isa = XCConfigurationList;
			buildConfigurations = (
				93158DCB1E44E59200BFFF4D /* Debug */,
				93158DCC1E44E59200BFFF4D /* Release */,
			);
			defaultConfigurationIsVisible = 0;
			defaultConfigurationName = Release;
		};
		93158DCD1E44E59200BFFF4D /* Build configuration list for PBXNativeTarget "BookCricket" */ = {
			isa = XCConfigurationList;
			buildConfigurations = (
				93158DCE1E44E59200BFFF4D /* Debug */,
				93158DCF1E44E59200BFFF4D /* Release */,
			);
			defaultConfigurationIsVisible = 0;
			defaultConfigurationName = Release;
		};
/* End XCConfigurationList section */
	};
	rootObject = 93158DB11E44E59200BFFF4D /* Project object */;
}
